// !$*UTF8*$!
{
	archiveVersion = 1;
	classes = {
	};
	objectVersion = 46;
	objects = {

/* Begin PBXBuildFile section */
		67765DC71F3BF4070045B869 /* AppDelegate.swift in Sources */ = {isa = PBXBuildFile; fileRef = 67765DC61F3BF4070045B869 /* AppDelegate.swift */; };
		67765DC91F3BF4070045B869 /* ViewController.swift in Sources */ = {isa = PBXBuildFile; fileRef = 67765DC81F3BF4070045B869 /* ViewController.swift */; };
		67765DCC1F3BF4070045B869 /* Main.storyboard in Resources */ = {isa = PBXBuildFile; fileRef = 67765DCA1F3BF4070045B869 /* Main.storyboard */; };
		67765DCF1F3BF4070045B869 /* LetsLeaveMemorys.xcdatamodeld in Sources */ = {isa = PBXBuildFile; fileRef = 67765DCD1F3BF4070045B869 /* LetsLeaveMemorys.xcdatamodeld */; };
		67765DD11F3BF4070045B869 /* Assets.xcassets in Resources */ = {isa = PBXBuildFile; fileRef = 67765DD01F3BF4070045B869 /* Assets.xcassets */; };
		67765DD41F3BF4070045B869 /* LaunchScreen.storyboard in Resources */ = {isa = PBXBuildFile; fileRef = 67765DD21F3BF4070045B869 /* LaunchScreen.storyboard */; };
/* End PBXBuildFile section */

/* Begin PBXFileReference section */
		67765DC31F3BF4060045B869 /* LetsLeaveMemorys.app */ = {isa = PBXFileReference; explicitFileType = wrapper.application; includeInIndex = 0; path = LetsLeaveMemorys.app; sourceTree = BUILT_PRODUCTS_DIR; };
		67765DC61F3BF4070045B869 /* AppDelegate.swift */ = {isa = PBXFileReference; lastKnownFileType = sourcecode.swift; path = AppDelegate.swift; sourceTree = "<group>"; };
		67765DC81F3BF4070045B869 /* ViewController.swift */ = {isa = PBXFileReference; lastKnownFileType = sourcecode.swift; path = ViewController.swift; sourceTree = "<group>"; };
		67765DCB1F3BF4070045B869 /* Base */ = {isa = PBXFileReference; lastKnownFileType = file.storyboard; name = Base; path = Base.lproj/Main.storyboard; sourceTree = "<group>"; };
		67765DCE1F3BF4070045B869 /* LetsLeaveMemorys.xcdatamodel */ = {isa = PBXFileReference; lastKnownFileType = wrapper.xcdatamodel; path = LetsLeaveMemorys.xcdatamodel; sourceTree = "<group>"; };
		67765DD01F3BF4070045B869 /* Assets.xcassets */ = {isa = PBXFileReference; lastKnownFileType = folder.assetcatalog; path = Assets.xcassets; sourceTree = "<group>"; };
		67765DD31F3BF4070045B869 /* Base */ = {isa = PBXFileReference; lastKnownFileType = file.storyboard; name = Base; path = Base.lproj/LaunchScreen.storyboard; sourceTree = "<group>"; };
		67765DD51F3BF4070045B869 /* Info.plist */ = {isa = PBXFileReference; lastKnownFileType = text.plist.xml; path = Info.plist; sourceTree = "<group>"; };
/* End PBXFileReference section */

/* Begin PBXFrameworksBuildPhase section */
		67765DC01F3BF4060045B869 /* Frameworks */ = {
			isa = PBXFrameworksBuildPhase;
			buildActionMask = 2147483647;
			files = (
			);
			runOnlyForDeploymentPostprocessing = 0;
		};
/* End PBXFrameworksBuildPhase section */

/* Begin PBXGroup section */
		67765DBA1F3BF4060045B869 = {
			isa = PBXGroup;
			children = (
				67765DC51F3BF4060045B869 /* LetsLeaveMemorys */,
				67765DC41F3BF4060045B869 /* Products */,
			);
			sourceTree = "<group>";
		};
		67765DC41F3BF4060045B869 /* Products */ = {
			isa = PBXGroup;
			children = (
				67765DC31F3BF4060045B869 /* LetsLeaveMemorys.app */,
			);
			name = Products;
			sourceTree = "<group>";
		};
		67765DC51F3BF4060045B869 /* LetsLeaveMemorys */ = {
			isa = PBXGroup;
			children = (
				67765DC61F3BF4070045B869 /* AppDelegate.swift */,
				67765DC81F3BF4070045B869 /* ViewController.swift */,
				67765DCA1F3BF4070045B869 /* Main.storyboard */,
				67765DD01F3BF4070045B869 /* Assets.xcassets */,
				67765DD21F3BF4070045B869 /* LaunchScreen.storyboard */,
				67765DD51F3BF4070045B869 /* Info.plist */,
				67765DCD1F3BF4070045B869 /* LetsLeaveMemorys.xcdatamodeld */,
			);
			path = LetsLeaveMemorys;
			sourceTree = "<group>";
		};
/* End PBXGroup section */

/* Begin PBXNativeTarget section */
		67765DC21F3BF4060045B869 /* LetsLeaveMemorys */ = {
			isa = PBXNativeTarget;
			buildConfigurationList = 67765DD81F3BF4070045B869 /* Build configuration list for PBXNativeTarget "LetsLeaveMemorys" */;
			buildPhases = (
				67765DBF1F3BF4060045B869 /* Sources */,
				67765DC01F3BF4060045B869 /* Frameworks */,
				67765DC11F3BF4060045B869 /* Resources */,
			);
			buildRules = (
			);
			dependencies = (
			);
			name = LetsLeaveMemorys;
			productName = LetsLeaveMemorys;
			productReference = 67765DC31F3BF4060045B869 /* LetsLeaveMemorys.app */;
			productType = "com.apple.product-type.application";
		};
/* End PBXNativeTarget section */

/* Begin PBXProject section */
		67765DBB1F3BF4060045B869 /* Project object */ = {
			isa = PBXProject;
			attributes = {
				LastSwiftUpdateCheck = 0830;
				LastUpgradeCheck = 0830;
				ORGANIZATIONNAME = "Make School";
				TargetAttributes = {
					67765DC21F3BF4060045B869 = {
						CreatedOnToolsVersion = 8.3.3;
						DevelopmentTeam = 3QUZGPVCZD;
						ProvisioningStyle = Automatic;
					};
				};
			};
			buildConfigurationList = 67765DBE1F3BF4060045B869 /* Build configuration list for PBXProject "LetsLeaveMemorys" */;
			compatibilityVersion = "Xcode 3.2";
			developmentRegion = English;
			hasScannedForEncodings = 0;
			knownRegions = (
				en,
				Base,
			);
			mainGroup = 67765DBA1F3BF4060045B869;
			productRefGroup = 67765DC41F3BF4060045B869 /* Products */;
			projectDirPath = "";
			projectRoot = "";
			targets = (
				67765DC21F3BF4060045B869 /* LetsLeaveMemorys */,
			);
		};
/* End PBXProject section */

/* Begin PBXResourcesBuildPhase section */
		67765DC11F3BF4060045B869 /* Resources */ = {
			isa = PBXResourcesBuildPhase;
			buildActionMask = 2147483647;
			files = (
				67765DD41F3BF4070045B869 /* LaunchScreen.storyboard in Resources */,
				67765DD11F3BF4070045B869 /* Assets.xcassets in Resources */,
				67765DCC1F3BF4070045B869 /* Main.storyboard in Resources */,
			);
			runOnlyForDeploymentPostprocessing = 0;
		};
/* End PBXResourcesBuildPhase section */

/* Begin PBXSourcesBuildPhase section */
		67765DBF1F3BF4060045B869 /* Sources */ = {
			isa = PBXSourcesBuildPhase;
			buildActionMask = 2147483647;
			files = (
				67765DCF1F3BF4070045B869 /* LetsLeaveMemorys.xcdatamodeld in Sources */,
				67765DC91F3BF4070045B869 /* ViewController.swift in Sources */,
				67765DC71F3BF4070045B869 /* AppDelegate.swift in Sources */,
			);
			runOnlyForDeploymentPostprocessing = 0;
		};
/* End PBXSourcesBuildPhase section */

/* Begin PBXVariantGroup section */
		67765DCA1F3BF4070045B869 /* Main.storyboard */ = {
			isa = PBXVariantGroup;
			children = (
				67765DCB1F3BF4070045B869 /* Base */,
			);
			name = Main.storyboard;
			sourceTree = "<group>";
		};
		67765DD21F3BF4070045B869 /* LaunchScreen.storyboard */ = {
			isa = PBXVariantGroup;
			children = (
				67765DD31F3BF4070045B869 /* Base */,
			);
			name = LaunchScreen.storyboard;
			sourceTree = "<group>";
		};
/* End PBXVariantGroup section */

/* Begin XCBuildConfiguration section */
		67765DD61F3BF4070045B869 /* Debug */ = {
			isa = XCBuildConfiguration;
			buildSettings = {
				ALWAYS_SEARCH_USER_PATHS = NO;
				CLANG_ANALYZER_NONNULL = YES;
				CLANG_ANALYZER_NUMBER_OBJECT_CONVERSION = YES_AGGRESSIVE;
				CLANG_CXX_LANGUAGE_STANDARD = "gnu++0x";
				CLANG_CXX_LIBRARY = "libc++";
				CLANG_ENABLE_MODULES = YES;
				CLANG_ENABLE_OBJC_ARC = YES;
				CLANG_WARN_BOOL_CONVERSION = YES;
				CLANG_WARN_CONSTANT_CONVERSION = YES;
				CLANG_WARN_DIRECT_OBJC_ISA_USAGE = YES_ERROR;
				CLANG_WARN_DOCUMENTATION_COMMENTS = YES;
				CLANG_WARN_EMPTY_BODY = YES;
				CLANG_WARN_ENUM_CONVERSION = YES;
				CLANG_WARN_INFINITE_RECURSION = YES;
				CLANG_WARN_INT_CONVERSION = YES;
				CLANG_WARN_OBJC_ROOT_CLASS = YES_ERROR;
				CLANG_WARN_SUSPICIOUS_MOVE = YES;
				CLANG_WARN_UNREACHABLE_CODE = YES;
				CLANG_WARN__DUPLICATE_METHOD_MATCH = YES;
				"CODE_SIGN_IDENTITY[sdk=iphoneos*]" = "iPhone Developer";
				COPY_PHASE_STRIP = NO;
				DEBUG_INFORMATION_FORMAT = dwarf;
				ENABLE_STRICT_OBJC_MSGSEND = YES;
				ENABLE_TESTABILITY = YES;
				GCC_C_LANGUAGE_STANDARD = gnu99;
				GCC_DYNAMIC_NO_PIC = NO;
				GCC_NO_COMMON_BLOCKS = YES;
				GCC_OPTIMIZATION_LEVEL = 0;
				GCC_PREPROCESSOR_DEFINITIONS = (
					"DEBUG=1",
					"$(inherited)",
				);
				GCC_WARN_64_TO_32_BIT_CONVERSION = YES;
				GCC_WARN_ABOUT_RETURN_TYPE = YES_ERROR;
				GCC_WARN_UNDECLARED_SELECTOR = YES;
				GCC_WARN_UNINITIALIZED_AUTOS = YES_AGGRESSIVE;
				GCC_WARN_UNUSED_FUNCTION = YES;
				GCC_WARN_UNUSED_VARIABLE = YES;
				IPHONEOS_DEPLOYMENT_TARGET = 10.3;
				MTL_ENABLE_DEBUG_INFO = YES;
				ONLY_ACTIVE_ARCH = YES;
				SDKROOT = iphoneos;
				SWIFT_ACTIVE_COMPILATION_CONDITIONS = DEBUG;
				SWIFT_OPTIMIZATION_LEVEL = "-Onone";
				TARGETED_DEVICE_FAMILY = "1,2";
			};
			name = Debug;
		};
		67765DD71F3BF4070045B869 /* Release */ = {
			isa = XCBuildConfiguration;
			buildSettings = {
				ALWAYS_SEARCH_USER_PATHS = NO;
				CLANG_ANALYZER_NONNULL = YES;
				CLANG_ANALYZER_NUMBER_OBJECT_CONVERSION = YES_AGGRESSIVE;
				CLANG_CXX_LANGUAGE_STANDARD = "gnu++0x";
				CLANG_CXX_LIBRARY = "libc++";
				CLANG_ENABLE_MODULES = YES;
				CLANG_ENABLE_OBJC_ARC = YES;
				CLANG_WARN_BOOL_CONVERSION = YES;
				CLANG_WARN_CONSTANT_CONVERSION = YES;
				CLANG_WARN_DIRECT_OBJC_ISA_USAGE = YES_ERROR;
				CLANG_WARN_DOCUMENTATION_COMMENTS = YES;
				CLANG_WARN_EMPTY_BODY = YES;
				CLANG_WARN_ENUM_CONVERSION = YES;
				CLANG_WARN_INFINITE_RECURSION = YES;
				CLANG_WARN_INT_CONVERSION = YES;
				CLANG_WARN_OBJC_ROOT_CLASS = YES_ERROR;
				CLANG_WARN_SUSPICIOUS_MOVE = YES;
				CLANG_WARN_UNREACHABLE_CODE = YES;
				CLANG_WARN__DUPLICATE_METHOD_MATCH = YES;
				"CODE_SIGN_IDENTITY[sdk=iphoneos*]" = "iPhone Developer";
				COPY_PHASE_STRIP = NO;
				DEBUG_INFORMATION_FORMAT = "dwarf-with-dsym";
				ENABLE_NS_ASSERTIONS = NO;
				ENABLE_STRICT_OBJC_MSGSEND = YES;
				GCC_C_LANGUAGE_STANDARD = gnu99;
				GCC_NO_COMMON_BLOCKS = YES;
				GCC_WARN_64_TO_32_BIT_CONVERSION = YES;
				GCC_WARN_ABOUT_RETURN_TYPE = YES_ERROR;
				GCC_WARN_UNDECLARED_SELECTOR = YES;
				GCC_WARN_UNINITIALIZED_AUTOS = YES_AGGRESSIVE;
				GCC_WARN_UNUSED_FUNCTION = YES;
				GCC_WARN_UNUSED_VARIABLE = YES;
				IPHONEOS_DEPLOYMENT_TARGET = 10.3;
				MTL_ENABLE_DEBUG_INFO = NO;
				SDKROOT = iphoneos;
				SWIFT_OPTIMIZATION_LEVEL = "-Owholemodule";
				TARGETED_DEVICE_FAMILY = "1,2";
				VALIDATE_PRODUCT = YES;
			};
			name = Release;
		};
		67765DD91F3BF4070045B869 /* Debug */ = {
			isa = XCBuildConfiguration;
			buildSettings = {
				ASSETCATALOG_COMPILER_APPICON_NAME = AppIcon;
				DEVELOPMENT_TEAM = 3QUZGPVCZD;
				INFOPLIST_FILE = LetsLeaveMemorys/Info.plist;
				LD_RUNPATH_SEARCH_PATHS = "$(inherited) @executable_path/Frameworks";
				PRODUCT_BUNDLE_IDENTIFIER = com.makeschool.LetsLeaveMemorys;
				PRODUCT_NAME = "$(TARGET_NAME)";
				SWIFT_VERSION = 3.0;
			};
			name = Debug;
		};
		67765DDA1F3BF4070045B869 /* Release */ = {
			isa = XCBuildConfiguration;
			buildSettings = {
				ASSETCATALOG_COMPILER_APPICON_NAME = AppIcon;
				DEVELOPMENT_TEAM = 3QUZGPVCZD;
				INFOPLIST_FILE = LetsLeaveMemorys/Info.plist;
				LD_RUNPATH_SEARCH_PATHS = "$(inherited) @executable_path/Frameworks";
				PRODUCT_BUNDLE_IDENTIFIER = com.makeschool.LetsLeaveMemorys;
				PRODUCT_NAME = "$(TARGET_NAME)";
				SWIFT_VERSION = 3.0;
			};
			name = Release;
		};
/* End XCBuildConfiguration section */

/* Begin XCConfigurationList section */
		67765DBE1F3BF4060045B869 /* Build configuration list for PBXProject "LetsLeaveMemorys" */ = {
			isa = XCConfigurationList;
			buildConfigurations = (
				67765DD61F3BF4070045B869 /* Debug */,
				67765DD71F3BF4070045B869 /* Release */,
			);
			defaultConfigurationIsVisible = 0;
			defaultConfigurationName = Release;
		};
		67765DD81F3BF4070045B869 /* Build configuration list for PBXNativeTarget "LetsLeaveMemorys" */ = {
			isa = XCConfigurationList;
			buildConfigurations = (
				67765DD91F3BF4070045B869 /* Debug */,
				67765DDA1F3BF4070045B869 /* Release */,
			);
			defaultConfigurationIsVisible = 0;
		};
/* End XCConfigurationList section */

/* Begin XCVersionGroup section */
		67765DCD1F3BF4070045B869 /* LetsLeaveMemorys.xcdatamodeld */ = {
			isa = XCVersionGroup;
			children = (
				67765DCE1F3BF4070045B869 /* LetsLeaveMemorys.xcdatamodel */,
			);
			currentVersion = 67765DCE1F3BF4070045B869 /* LetsLeaveMemorys.xcdatamodel */;
			path = LetsLeaveMemorys.xcdatamodeld;
			sourceTree = "<group>";
			versionGroupType = wrapper.xcdatamodel;
		};
/* End XCVersionGroup section */
	};
	rootObject = 67765DBB1F3BF4060045B869 /* Project object */;
}
